# This file is automatically @generated by Cargo.
# It is not intended for manual editing.
version = 4

[[package]]
name = "advanced-pid"
version = "0.2.3"
source = "registry+https://github.com/rust-lang/crates.io-index"
checksum = "986177142ac2ef4b1016d51129475d740c2826e0192900eaee2a592d23118ba1"

[[package]]
name = "autocfg"
version = "1.5.0"
source = "registry+https://github.com/rust-lang/crates.io-index"
checksum = "c08606f8c3cbf4ce6ec8e28fb0014a2c086708fe954eaa885384a6165172e7e8"

[[package]]
name = "num-traits"
version = "0.2.19"
source = "registry+https://github.com/rust-lang/crates.io-index"
checksum = "071dfc062690e90b734c0b2273ce72ad0ffa95f0c74596bc250dcfd960262841"
dependencies = [
 "autocfg",
]

[[package]]
name = "pid"
version = "4.0.0"
source = "registry+https://github.com/rust-lang/crates.io-index"
checksum = "d7c931ef9756cd5e3fa3d395bfe09df4dfa6f0612c6ca8f6b12927d17ca34e36"
dependencies = [
 "num-traits",
]

[[package]]
name = "robotic_arm"
version = "0.1.0"
dependencies = [
 "advanced-pid",
 "pid",
]
